// !$*UTF8*$!
{
	archiveVersion = 1;
	classes = {
	};
	objectVersion = 51;
	objects = {

/* Begin PBXBuildFile section */
		A323F50E267CDC6300FD0571 /* NewsListVM.swift in Sources */ = {isa = PBXBuildFile; fileRef = A323F50D267CDC6300FD0571 /* NewsListVM.swift */; };
		A323F510267CDD2500FD0571 /* NewsListView.swift in Sources */ = {isa = PBXBuildFile; fileRef = A323F50F267CDD2500FD0571 /* NewsListView.swift */; };
		A323F513267CE0AF00FD0571 /* NewsCell.swift in Sources */ = {isa = PBXBuildFile; fileRef = A323F511267CE0AF00FD0571 /* NewsCell.swift */; };
		A323F514267CE0AF00FD0571 /* NewsCell.xib in Resources */ = {isa = PBXBuildFile; fileRef = A323F512267CE0AF00FD0571 /* NewsCell.xib */; };
		A323F516267CE53F00FD0571 /* NewsModel.swift in Sources */ = {isa = PBXBuildFile; fileRef = A323F515267CE53F00FD0571 /* NewsModel.swift */; };
		A323F518267CE64F00FD0571 /* NewsEndPoint.swift in Sources */ = {isa = PBXBuildFile; fileRef = A323F517267CE64F00FD0571 /* NewsEndPoint.swift */; };
		A323F51A267CE92000FD0571 /* NewsRepo.swift in Sources */ = {isa = PBXBuildFile; fileRef = A323F519267CE92000FD0571 /* NewsRepo.swift */; };
		A323F51C267CE96500FD0571 /* NewsRepoImpl.swift in Sources */ = {isa = PBXBuildFile; fileRef = A323F51B267CE96500FD0571 /* NewsRepoImpl.swift */; };
		A3CEDFD9267C3104003536DF /* AppDelegate.swift in Sources */ = {isa = PBXBuildFile; fileRef = A3CEDFD8267C3104003536DF /* AppDelegate.swift */; };
		A3CEDFE0267C3104003536DF /* Main.storyboard in Resources */ = {isa = PBXBuildFile; fileRef = A3CEDFDE267C3104003536DF /* Main.storyboard */; };
		A3CEDFE2267C3107003536DF /* Assets.xcassets in Resources */ = {isa = PBXBuildFile; fileRef = A3CEDFE1267C3107003536DF /* Assets.xcassets */; };
		A3CEDFE5267C3107003536DF /* LaunchScreen.storyboard in Resources */ = {isa = PBXBuildFile; fileRef = A3CEDFE3267C3107003536DF /* LaunchScreen.storyboard */; };
		A3CEE018267C32E2003536DF /* Codable+Helpers.swift in Sources */ = {isa = PBXBuildFile; fileRef = A3CEDFEE267C32E1003536DF /* Codable+Helpers.swift */; };
		A3CEE019267C32E2003536DF /* Date+Helpers.swift in Sources */ = {isa = PBXBuildFile; fileRef = A3CEDFEF267C32E1003536DF /* Date+Helpers.swift */; };
		A3CEE01A267C32E2003536DF /* Dynamic.swift in Sources */ = {isa = PBXBuildFile; fileRef = A3CEDFF0267C32E1003536DF /* Dynamic.swift */; };
		A3CEE01B267C32E2003536DF /* AuthorizationHandler.swift in Sources */ = {isa = PBXBuildFile; fileRef = A3CEDFF1267C32E1003536DF /* AuthorizationHandler.swift */; };
		A3CEE01C267C32E2003536DF /* NetworkService.swift in Sources */ = {isa = PBXBuildFile; fileRef = A3CEDFF2267C32E1003536DF /* NetworkService.swift */; };
		A3CEE01D267C32E2003536DF /* RouterController.swift in Sources */ = {isa = PBXBuildFile; fileRef = A3CEDFF3267C32E1003536DF /* RouterController.swift */; };
		A3CEE01E267C32E2003536DF /* ErrorHandling.swift in Sources */ = {isa = PBXBuildFile; fileRef = A3CEDFF4267C32E1003536DF /* ErrorHandling.swift */; };
		A3CEE01F267C32E2003536DF /* String.swift in Sources */ = {isa = PBXBuildFile; fileRef = A3CEDFF5267C32E1003536DF /* String.swift */; };
		A3CEE020267C32E2003536DF /* NetworkConstant.swift in Sources */ = {isa = PBXBuildFile; fileRef = A3CEDFF6267C32E1003536DF /* NetworkConstant.swift */; };
		A3CEE021267C32E2003536DF /* Endpoint.swift in Sources */ = {isa = PBXBuildFile; fileRef = A3CEDFF7267C32E1003536DF /* Endpoint.swift */; };
		A3CEE022267C32E2003536DF /* BaseProcessor.swift in Sources */ = {isa = PBXBuildFile; fileRef = A3CEDFF9267C32E1003536DF /* BaseProcessor.swift */; };
		A3CEE023267C32E2003536DF /* BaseValidator.swift in Sources */ = {isa = PBXBuildFile; fileRef = A3CEDFFA267C32E1003536DF /* BaseValidator.swift */; };
		A3CEE024267C32E2003536DF /* BaseItem.swift in Sources */ = {isa = PBXBuildFile; fileRef = A3CEDFFB267C32E1003536DF /* BaseItem.swift */; };
		A3CEE025267C32E2003536DF /* BaseError.swift in Sources */ = {isa = PBXBuildFile; fileRef = A3CEDFFC267C32E1003536DF /* BaseError.swift */; };
		A3CEE026267C32E2003536DF /* NoneAuthorizationHandler.swift in Sources */ = {isa = PBXBuildFile; fileRef = A3CEDFFD267C32E1003536DF /* NoneAuthorizationHandler.swift */; };
		A3CEE027267C32E2003536DF /* BaseVM.swift in Sources */ = {isa = PBXBuildFile; fileRef = A3CEDFFE267C32E1003536DF /* BaseVM.swift */; };
		A3CEE028267C32E2003536DF /* BaseView.swift in Sources */ = {isa = PBXBuildFile; fileRef = A3CEDFFF267C32E1003536DF /* BaseView.swift */; };
		A3CEE029267C32E2003536DF /* LocalDataImpl.swift in Sources */ = {isa = PBXBuildFile; fileRef = A3CEE001267C32E1003536DF /* LocalDataImpl.swift */; };
		A3CEE02A267C32E2003536DF /* NetworkServiceImpl.swift in Sources */ = {isa = PBXBuildFile; fileRef = A3CEE002267C32E1003536DF /* NetworkServiceImpl.swift */; };
		A3CEE02B267C32E2003536DF /* LocalData.swift in Sources */ = {isa = PBXBuildFile; fileRef = A3CEE003267C32E1003536DF /* LocalData.swift */; };
		A3CEE02C267C32E2003536DF /* AlamofireService.swift in Sources */ = {isa = PBXBuildFile; fileRef = A3CEE004267C32E1003536DF /* AlamofireService.swift */; };
		A3CEE035267C32E2003536DF /* MultiPartModel.swift in Sources */ = {isa = PBXBuildFile; fileRef = A3CEE015267C32E2003536DF /* MultiPartModel.swift */; };
		DF628945613795EE5ED22FAA /* Pods_NewsApp.framework in Frameworks */ = {isa = PBXBuildFile; fileRef = FC0F1BDDB2FD426F40B168C9 /* Pods_NewsApp.framework */; };
/* End PBXBuildFile section */

/* Begin PBXFileReference section */
		44C979B6DC8DB7D648A760F2 /* Pods-NewsApp.debug.xcconfig */ = {isa = PBXFileReference; includeInIndex = 1; lastKnownFileType = text.xcconfig; name = "Pods-NewsApp.debug.xcconfig"; path = "Target Support Files/Pods-NewsApp/Pods-NewsApp.debug.xcconfig"; sourceTree = "<group>"; };
		A323F50D267CDC6300FD0571 /* NewsListVM.swift */ = {isa = PBXFileReference; lastKnownFileType = sourcecode.swift; path = NewsListVM.swift; sourceTree = "<group>"; };
		A323F50F267CDD2500FD0571 /* NewsListView.swift */ = {isa = PBXFileReference; lastKnownFileType = sourcecode.swift; path = NewsListView.swift; sourceTree = "<group>"; };
		A323F511267CE0AF00FD0571 /* NewsCell.swift */ = {isa = PBXFileReference; lastKnownFileType = sourcecode.swift; path = NewsCell.swift; sourceTree = "<group>"; };
		A323F512267CE0AF00FD0571 /* NewsCell.xib */ = {isa = PBXFileReference; lastKnownFileType = file.xib; path = NewsCell.xib; sourceTree = "<group>"; };
		A323F515267CE53F00FD0571 /* NewsModel.swift */ = {isa = PBXFileReference; lastKnownFileType = sourcecode.swift; path = NewsModel.swift; sourceTree = "<group>"; };
		A323F517267CE64F00FD0571 /* NewsEndPoint.swift */ = {isa = PBXFileReference; lastKnownFileType = sourcecode.swift; path = NewsEndPoint.swift; sourceTree = "<group>"; };
		A323F519267CE92000FD0571 /* NewsRepo.swift */ = {isa = PBXFileReference; lastKnownFileType = sourcecode.swift; path = NewsRepo.swift; sourceTree = "<group>"; };
		A323F51B267CE96500FD0571 /* NewsRepoImpl.swift */ = {isa = PBXFileReference; lastKnownFileType = sourcecode.swift; path = NewsRepoImpl.swift; sourceTree = "<group>"; };
		A3CEDFD5267C3104003536DF /* NewsApp.app */ = {isa = PBXFileReference; explicitFileType = wrapper.application; includeInIndex = 0; path = NewsApp.app; sourceTree = BUILT_PRODUCTS_DIR; };
		A3CEDFD8267C3104003536DF /* AppDelegate.swift */ = {isa = PBXFileReference; lastKnownFileType = sourcecode.swift; path = AppDelegate.swift; sourceTree = "<group>"; };
		A3CEDFDF267C3104003536DF /* Base */ = {isa = PBXFileReference; lastKnownFileType = file.storyboard; name = Base; path = Base.lproj/Main.storyboard; sourceTree = "<group>"; };
		A3CEDFE1267C3107003536DF /* Assets.xcassets */ = {isa = PBXFileReference; lastKnownFileType = folder.assetcatalog; path = Assets.xcassets; sourceTree = "<group>"; };
		A3CEDFE4267C3107003536DF /* Base */ = {isa = PBXFileReference; lastKnownFileType = file.storyboard; name = Base; path = Base.lproj/LaunchScreen.storyboard; sourceTree = "<group>"; };
		A3CEDFE6267C3107003536DF /* Info.plist */ = {isa = PBXFileReference; lastKnownFileType = text.plist.xml; path = Info.plist; sourceTree = "<group>"; };
		A3CEDFEE267C32E1003536DF /* Codable+Helpers.swift */ = {isa = PBXFileReference; fileEncoding = 4; lastKnownFileType = sourcecode.swift; path = "Codable+Helpers.swift"; sourceTree = "<group>"; };
		A3CEDFEF267C32E1003536DF /* Date+Helpers.swift */ = {isa = PBXFileReference; fileEncoding = 4; lastKnownFileType = sourcecode.swift; path = "Date+Helpers.swift"; sourceTree = "<group>"; };
		A3CEDFF0267C32E1003536DF /* Dynamic.swift */ = {isa = PBXFileReference; fileEncoding = 4; lastKnownFileType = sourcecode.swift; path = Dynamic.swift; sourceTree = "<group>"; };
		A3CEDFF1267C32E1003536DF /* AuthorizationHandler.swift */ = {isa = PBXFileReference; fileEncoding = 4; lastKnownFileType = sourcecode.swift; path = AuthorizationHandler.swift; sourceTree = "<group>"; };
		A3CEDFF2267C32E1003536DF /* NetworkService.swift */ = {isa = PBXFileReference; fileEncoding = 4; lastKnownFileType = sourcecode.swift; path = NetworkService.swift; sourceTree = "<group>"; };
		A3CEDFF3267C32E1003536DF /* RouterController.swift */ = {isa = PBXFileReference; fileEncoding = 4; lastKnownFileType = sourcecode.swift; path = RouterController.swift; sourceTree = "<group>"; };
		A3CEDFF4267C32E1003536DF /* ErrorHandling.swift */ = {isa = PBXFileReference; fileEncoding = 4; lastKnownFileType = sourcecode.swift; path = ErrorHandling.swift; sourceTree = "<group>"; };
		A3CEDFF5267C32E1003536DF /* String.swift */ = {isa = PBXFileReference; fileEncoding = 4; lastKnownFileType = sourcecode.swift; path = String.swift; sourceTree = "<group>"; };
		A3CEDFF6267C32E1003536DF /* NetworkConstant.swift */ = {isa = PBXFileReference; fileEncoding = 4; lastKnownFileType = sourcecode.swift; path = NetworkConstant.swift; sourceTree = "<group>"; };
		A3CEDFF7267C32E1003536DF /* Endpoint.swift */ = {isa = PBXFileReference; fileEncoding = 4; lastKnownFileType = sourcecode.swift; path = Endpoint.swift; sourceTree = "<group>"; };
		A3CEDFF9267C32E1003536DF /* BaseProcessor.swift */ = {isa = PBXFileReference; fileEncoding = 4; lastKnownFileType = sourcecode.swift; path = BaseProcessor.swift; sourceTree = "<group>"; };
		A3CEDFFA267C32E1003536DF /* BaseValidator.swift */ = {isa = PBXFileReference; fileEncoding = 4; lastKnownFileType = sourcecode.swift; path = BaseValidator.swift; sourceTree = "<group>"; };
		A3CEDFFB267C32E1003536DF /* BaseItem.swift */ = {isa = PBXFileReference; fileEncoding = 4; lastKnownFileType = sourcecode.swift; path = BaseItem.swift; sourceTree = "<group>"; };
		A3CEDFFC267C32E1003536DF /* BaseError.swift */ = {isa = PBXFileReference; fileEncoding = 4; lastKnownFileType = sourcecode.swift; path = BaseError.swift; sourceTree = "<group>"; };
		A3CEDFFD267C32E1003536DF /* NoneAuthorizationHandler.swift */ = {isa = PBXFileReference; fileEncoding = 4; lastKnownFileType = sourcecode.swift; path = NoneAuthorizationHandler.swift; sourceTree = "<group>"; };
		A3CEDFFE267C32E1003536DF /* BaseVM.swift */ = {isa = PBXFileReference; fileEncoding = 4; lastKnownFileType = sourcecode.swift; path = BaseVM.swift; sourceTree = "<group>"; };
		A3CEDFFF267C32E1003536DF /* BaseView.swift */ = {isa = PBXFileReference; fileEncoding = 4; lastKnownFileType = sourcecode.swift; path = BaseView.swift; sourceTree = "<group>"; };
		A3CEE001267C32E1003536DF /* LocalDataImpl.swift */ = {isa = PBXFileReference; fileEncoding = 4; lastKnownFileType = sourcecode.swift; path = LocalDataImpl.swift; sourceTree = "<group>"; };
		A3CEE002267C32E1003536DF /* NetworkServiceImpl.swift */ = {isa = PBXFileReference; fileEncoding = 4; lastKnownFileType = sourcecode.swift; path = NetworkServiceImpl.swift; sourceTree = "<group>"; };
		A3CEE003267C32E1003536DF /* LocalData.swift */ = {isa = PBXFileReference; fileEncoding = 4; lastKnownFileType = sourcecode.swift; path = LocalData.swift; sourceTree = "<group>"; };
		A3CEE004267C32E1003536DF /* AlamofireService.swift */ = {isa = PBXFileReference; fileEncoding = 4; lastKnownFileType = sourcecode.swift; path = AlamofireService.swift; sourceTree = "<group>"; };
		A3CEE015267C32E2003536DF /* MultiPartModel.swift */ = {isa = PBXFileReference; fileEncoding = 4; lastKnownFileType = sourcecode.swift; path = MultiPartModel.swift; sourceTree = "<group>"; };
		E11581BF88D32AB13108C695 /* Pods-NewsApp.release.xcconfig */ = {isa = PBXFileReference; includeInIndex = 1; lastKnownFileType = text.xcconfig; name = "Pods-NewsApp.release.xcconfig"; path = "Target Support Files/Pods-NewsApp/Pods-NewsApp.release.xcconfig"; sourceTree = "<group>"; };
		FC0F1BDDB2FD426F40B168C9 /* Pods_NewsApp.framework */ = {isa = PBXFileReference; explicitFileType = wrapper.framework; includeInIndex = 0; path = Pods_NewsApp.framework; sourceTree = BUILT_PRODUCTS_DIR; };
/* End PBXFileReference section */

/* Begin PBXFrameworksBuildPhase section */
		A3CEDFD2267C3104003536DF /* Frameworks */ = {
			isa = PBXFrameworksBuildPhase;
			buildActionMask = 2147483647;
			files = (
				DF628945613795EE5ED22FAA /* Pods_NewsApp.framework in Frameworks */,
			);
			runOnlyForDeploymentPostprocessing = 0;
		};
/* End PBXFrameworksBuildPhase section */

/* Begin PBXGroup section */
		36FCFDFA7760CDD5195B5908 /* Pods */ = {
			isa = PBXGroup;
			children = (
				44C979B6DC8DB7D648A760F2 /* Pods-NewsApp.debug.xcconfig */,
				E11581BF88D32AB13108C695 /* Pods-NewsApp.release.xcconfig */,
			);
			path = Pods;
			sourceTree = "<group>";
		};
		5A3C27EC3F90F366C8BA3D37 /* Frameworks */ = {
			isa = PBXGroup;
			children = (
				FC0F1BDDB2FD426F40B168C9 /* Pods_NewsApp.framework */,
			);
			name = Frameworks;
			sourceTree = "<group>";
		};
		A323F50B267CDB3400FD0571 /* New */ = {
			isa = PBXGroup;
			children = (
				A323F50C267CDB4C00FD0571 /* ViewModel */,
				A3CEE009267C32E2003536DF /* View */,
			);
			path = New;
			sourceTree = "<group>";
		};
		A323F50C267CDB4C00FD0571 /* ViewModel */ = {
			isa = PBXGroup;
			children = (
				A323F50D267CDC6300FD0571 /* NewsListVM.swift */,
			);
			path = ViewModel;
			sourceTree = "<group>";
		};
		A3CEDFCC267C3104003536DF = {
			isa = PBXGroup;
			children = (
				A3CEDFD7267C3104003536DF /* NewsApp */,
				A3CEDFD6267C3104003536DF /* Products */,
				36FCFDFA7760CDD5195B5908 /* Pods */,
				5A3C27EC3F90F366C8BA3D37 /* Frameworks */,
			);
			sourceTree = "<group>";
		};
		A3CEDFD6267C3104003536DF /* Products */ = {
			isa = PBXGroup;
			children = (
				A3CEDFD5267C3104003536DF /* NewsApp.app */,
			);
			name = Products;
			sourceTree = "<group>";
		};
		A3CEDFD7267C3104003536DF /* NewsApp */ = {
			isa = PBXGroup;
			children = (
				A3CEDFF8267C32E1003536DF /* Base */,
				A3CEE00C267C32E2003536DF /* Core */,
				A3CEDFED267C32E1003536DF /* Helpers */,
				A3CEE000267C32E1003536DF /* Network */,
				A3CEE005267C32E1003536DF /* Shell */,
				A3CEDFEC267C32C2003536DF /* SupportFiles */,
				A3CEDFE6267C3107003536DF /* Info.plist */,
			);
			path = NewsApp;
			sourceTree = "<group>";
		};
		A3CEDFEC267C32C2003536DF /* SupportFiles */ = {
			isa = PBXGroup;
			children = (
				A3CEDFD8267C3104003536DF /* AppDelegate.swift */,
				A3CEDFE1267C3107003536DF /* Assets.xcassets */,
				A3CEDFE3267C3107003536DF /* LaunchScreen.storyboard */,
			);
			path = SupportFiles;
			sourceTree = "<group>";
		};
		A3CEDFED267C32E1003536DF /* Helpers */ = {
			isa = PBXGroup;
			children = (
				A3CEDFEE267C32E1003536DF /* Codable+Helpers.swift */,
				A3CEDFEF267C32E1003536DF /* Date+Helpers.swift */,
				A3CEDFF0267C32E1003536DF /* Dynamic.swift */,
				A3CEDFF1267C32E1003536DF /* AuthorizationHandler.swift */,
				A3CEDFF2267C32E1003536DF /* NetworkService.swift */,
				A3CEDFF3267C32E1003536DF /* RouterController.swift */,
				A3CEDFF4267C32E1003536DF /* ErrorHandling.swift */,
				A3CEDFF5267C32E1003536DF /* String.swift */,
				A3CEDFF6267C32E1003536DF /* NetworkConstant.swift */,
				A3CEDFF7267C32E1003536DF /* Endpoint.swift */,
			);
			path = Helpers;
			sourceTree = "<group>";
		};
		A3CEDFF8267C32E1003536DF /* Base */ = {
			isa = PBXGroup;
			children = (
				A3CEDFF9267C32E1003536DF /* BaseProcessor.swift */,
				A3CEDFFA267C32E1003536DF /* BaseValidator.swift */,
				A3CEDFFB267C32E1003536DF /* BaseItem.swift */,
				A3CEDFFC267C32E1003536DF /* BaseError.swift */,
				A3CEDFFD267C32E1003536DF /* NoneAuthorizationHandler.swift */,
				A3CEDFFE267C32E1003536DF /* BaseVM.swift */,
				A3CEDFFF267C32E1003536DF /* BaseView.swift */,
			);
			path = Base;
			sourceTree = "<group>";
		};
		A3CEE000267C32E1003536DF /* Network */ = {
			isa = PBXGroup;
			children = (
				A3CEE001267C32E1003536DF /* LocalDataImpl.swift */,
				A3CEE002267C32E1003536DF /* NetworkServiceImpl.swift */,
				A3CEE003267C32E1003536DF /* LocalData.swift */,
				A3CEE004267C32E1003536DF /* AlamofireService.swift */,
			);
			path = Network;
			sourceTree = "<group>";
		};
		A3CEE005267C32E1003536DF /* Shell */ = {
			isa = PBXGroup;
			children = (
				A323F50B267CDB3400FD0571 /* New */,
				A3CEE006267C32E1003536DF /* Item */,
				A3CEE007267C32E1003536DF /* Repo */,
			);
			path = Shell;
			sourceTree = "<group>";
		};
		A3CEE006267C32E1003536DF /* Item */ = {
			isa = PBXGroup;
			children = (
			);
			path = Item;
			sourceTree = "<group>";
		};
		A3CEE007267C32E1003536DF /* Repo */ = {
			isa = PBXGroup;
			children = (
				A323F51B267CE96500FD0571 /* NewsRepoImpl.swift */,
			);
			path = Repo;
			sourceTree = "<group>";
		};
		A3CEE009267C32E2003536DF /* View */ = {
			isa = PBXGroup;
			children = (
				A3CEDFDE267C3104003536DF /* Main.storyboard */,
				A323F50F267CDD2500FD0571 /* NewsListView.swift */,
				A323F511267CE0AF00FD0571 /* NewsCell.swift */,
				A323F512267CE0AF00FD0571 /* NewsCell.xib */,
			);
			path = View;
			sourceTree = "<group>";
		};
		A3CEE00C267C32E2003536DF /* Core */ = {
			isa = PBXGroup;
			children = (
				A3CEE00D267C32E2003536DF /* EndPoint */,
				A3CEE011267C32E2003536DF /* Model */,
				A3CEE016267C32E2003536DF /* Repo */,
			);
			path = Core;
			sourceTree = "<group>";
		};
		A3CEE00D267C32E2003536DF /* EndPoint */ = {
			isa = PBXGroup;
			children = (
				A323F517267CE64F00FD0571 /* NewsEndPoint.swift */,
			);
			path = EndPoint;
			sourceTree = "<group>";
		};
		A3CEE011267C32E2003536DF /* Model */ = {
			isa = PBXGroup;
			children = (
				A3CEE015267C32E2003536DF /* MultiPartModel.swift */,
				A323F515267CE53F00FD0571 /* NewsModel.swift */,
			);
			path = Model;
			sourceTree = "<group>";
		};
		A3CEE016267C32E2003536DF /* Repo */ = {
			isa = PBXGroup;
			children = (
				A323F519267CE92000FD0571 /* NewsRepo.swift */,
			);
			path = Repo;
			sourceTree = "<group>";
		};
/* End PBXGroup section */

/* Begin PBXNativeTarget section */
		A3CEDFD4267C3104003536DF /* NewsApp */ = {
			isa = PBXNativeTarget;
			buildConfigurationList = A3CEDFE9267C3107003536DF /* Build configuration list for PBXNativeTarget "NewsApp" */;
			buildPhases = (
				633E648719DF19A00B8D5CC7 /* [CP] Check Pods Manifest.lock */,
				A3CEDFD1267C3104003536DF /* Sources */,
				A3CEDFD2267C3104003536DF /* Frameworks */,
				A3CEDFD3267C3104003536DF /* Resources */,
				9EBEBFBA4F72B53D833B7E11 /* [CP] Embed Pods Frameworks */,
			);
			buildRules = (
			);
			dependencies = (
			);
			name = NewsApp;
			productName = NewsApp;
			productReference = A3CEDFD5267C3104003536DF /* NewsApp.app */;
			productType = "com.apple.product-type.application";
		};
/* End PBXNativeTarget section */

/* Begin PBXProject section */
		A3CEDFCD267C3104003536DF /* Project object */ = {
			isa = PBXProject;
			attributes = {
				LastSwiftUpdateCheck = 1250;
				LastUpgradeCheck = 1250;
				TargetAttributes = {
					A3CEDFD4267C3104003536DF = {
						CreatedOnToolsVersion = 12.5;
					};
				};
			};
			buildConfigurationList = A3CEDFD0267C3104003536DF /* Build configuration list for PBXProject "NewsApp" */;
			compatibilityVersion = "Xcode 9.3";
			developmentRegion = en;
			hasScannedForEncodings = 0;
			knownRegions = (
				en,
				Base,
			);
			mainGroup = A3CEDFCC267C3104003536DF;
			productRefGroup = A3CEDFD6267C3104003536DF /* Products */;
			projectDirPath = "";
			projectRoot = "";
			targets = (
				A3CEDFD4267C3104003536DF /* NewsApp */,
			);
		};
/* End PBXProject section */

/* Begin PBXResourcesBuildPhase section */
		A3CEDFD3267C3104003536DF /* Resources */ = {
			isa = PBXResourcesBuildPhase;
			buildActionMask = 2147483647;
			files = (
				A3CEDFE5267C3107003536DF /* LaunchScreen.storyboard in Resources */,
				A3CEDFE2267C3107003536DF /* Assets.xcassets in Resources */,
				A323F514267CE0AF00FD0571 /* NewsCell.xib in Resources */,
				A3CEDFE0267C3104003536DF /* Main.storyboard in Resources */,
			);
			runOnlyForDeploymentPostprocessing = 0;
		};
/* End PBXResourcesBuildPhase section */

/* Begin PBXShellScriptBuildPhase section */
		633E648719DF19A00B8D5CC7 /* [CP] Check Pods Manifest.lock */ = {
			isa = PBXShellScriptBuildPhase;
			buildActionMask = 2147483647;
			files = (
			);
			inputFileListPaths = (
			);
			inputPaths = (
				"${PODS_PODFILE_DIR_PATH}/Podfile.lock",
				"${PODS_ROOT}/Manifest.lock",
			);
			name = "[CP] Check Pods Manifest.lock";
			outputFileListPaths = (
			);
			outputPaths = (
				"$(DERIVED_FILE_DIR)/Pods-NewsApp-checkManifestLockResult.txt",
			);
			runOnlyForDeploymentPostprocessing = 0;
			shellPath = /bin/sh;
			shellScript = "diff \"${PODS_PODFILE_DIR_PATH}/Podfile.lock\" \"${PODS_ROOT}/Manifest.lock\" > /dev/null\nif [ $? != 0 ] ; then\n    # print error to STDERR\n    echo \"error: The sandbox is not in sync with the Podfile.lock. Run 'pod install' or update your CocoaPods installation.\" >&2\n    exit 1\nfi\n# This output is used by Xcode 'outputs' to avoid re-running this script phase.\necho \"SUCCESS\" > \"${SCRIPT_OUTPUT_FILE_0}\"\n";
			showEnvVarsInLog = 0;
		};
		9EBEBFBA4F72B53D833B7E11 /* [CP] Embed Pods Frameworks */ = {
			isa = PBXShellScriptBuildPhase;
			buildActionMask = 2147483647;
			files = (
			);
			inputFileListPaths = (
				"${PODS_ROOT}/Target Support Files/Pods-NewsApp/Pods-NewsApp-frameworks-${CONFIGURATION}-input-files.xcfilelist",
			);
			name = "[CP] Embed Pods Frameworks";
			outputFileListPaths = (
				"${PODS_ROOT}/Target Support Files/Pods-NewsApp/Pods-NewsApp-frameworks-${CONFIGURATION}-output-files.xcfilelist",
			);
			runOnlyForDeploymentPostprocessing = 0;
			shellPath = /bin/sh;
			shellScript = "\"${PODS_ROOT}/Target Support Files/Pods-NewsApp/Pods-NewsApp-frameworks.sh\"\n";
			showEnvVarsInLog = 0;
		};
/* End PBXShellScriptBuildPhase section */

/* Begin PBXSourcesBuildPhase section */
		A3CEDFD1267C3104003536DF /* Sources */ = {
			isa = PBXSourcesBuildPhase;
			buildActionMask = 2147483647;
			files = (
				A3CEE01E267C32E2003536DF /* ErrorHandling.swift in Sources */,
				A3CEE023267C32E2003536DF /* BaseValidator.swift in Sources */,
				A3CEE018267C32E2003536DF /* Codable+Helpers.swift in Sources */,
				A3CEE01F267C32E2003536DF /* String.swift in Sources */,
				A323F51C267CE96500FD0571 /* NewsRepoImpl.swift in Sources */,
				A323F51A267CE92000FD0571 /* NewsRepo.swift in Sources */,
				A3CEE02C267C32E2003536DF /* AlamofireService.swift in Sources */,
				A3CEE01A267C32E2003536DF /* Dynamic.swift in Sources */,
				A323F50E267CDC6300FD0571 /* NewsListVM.swift in Sources */,
				A3CEE01B267C32E2003536DF /* AuthorizationHandler.swift in Sources */,
				A3CEE035267C32E2003536DF /* MultiPartModel.swift in Sources */,
				A3CEE019267C32E2003536DF /* Date+Helpers.swift in Sources */,
				A3CEE022267C32E2003536DF /* BaseProcessor.swift in Sources */,
				A3CEE02B267C32E2003536DF /* LocalData.swift in Sources */,
				A323F516267CE53F00FD0571 /* NewsModel.swift in Sources */,
				A3CEE020267C32E2003536DF /* NetworkConstant.swift in Sources */,
				A323F510267CDD2500FD0571 /* NewsListView.swift in Sources */,
				A3CEE024267C32E2003536DF /* BaseItem.swift in Sources */,
				A3CEE026267C32E2003536DF /* NoneAuthorizationHandler.swift in Sources */,
				A3CEDFD9267C3104003536DF /* AppDelegate.swift in Sources */,
				A3CEE027267C32E2003536DF /* BaseVM.swift in Sources */,
				A3CEE01D267C32E2003536DF /* RouterController.swift in Sources */,
				A3CEE021267C32E2003536DF /* Endpoint.swift in Sources */,
				A3CEE02A267C32E2003536DF /* NetworkServiceImpl.swift in Sources */,
				A3CEE028267C32E2003536DF /* BaseView.swift in Sources */,
				A3CEE029267C32E2003536DF /* LocalDataImpl.swift in Sources */,
				A3CEE01C267C32E2003536DF /* NetworkService.swift in Sources */,
				A323F513267CE0AF00FD0571 /* NewsCell.swift in Sources */,
				A323F518267CE64F00FD0571 /* NewsEndPoint.swift in Sources */,
				A3CEE025267C32E2003536DF /* BaseError.swift in Sources */,
			);
			runOnlyForDeploymentPostprocessing = 0;
		};
/* End PBXSourcesBuildPhase section */

/* Begin PBXVariantGroup section */
		A3CEDFDE267C3104003536DF /* Main.storyboard */ = {
			isa = PBXVariantGroup;
			children = (
				A3CEDFDF267C3104003536DF /* Base */,
			);
			name = Main.storyboard;
			sourceTree = "<group>";
		};
		A3CEDFE3267C3107003536DF /* LaunchScreen.storyboard */ = {
			isa = PBXVariantGroup;
			children = (
				A3CEDFE4267C3107003536DF /* Base */,
			);
			name = LaunchScreen.storyboard;
			sourceTree = "<group>";
		};
/* End PBXVariantGroup section */

/* Begin XCBuildConfiguration section */
		A3CEDFE7267C3107003536DF /* Debug */ = {
			isa = XCBuildConfiguration;
			buildSettings = {
				ALWAYS_SEARCH_USER_PATHS = NO;
				CLANG_ANALYZER_NONNULL = YES;
				CLANG_ANALYZER_NUMBER_OBJECT_CONVERSION = YES_AGGRESSIVE;
				CLANG_CXX_LANGUAGE_STANDARD = "gnu++14";
				CLANG_CXX_LIBRARY = "libc++";
				CLANG_ENABLE_MODULES = YES;
				CLANG_ENABLE_OBJC_ARC = YES;
				CLANG_ENABLE_OBJC_WEAK = YES;
				CLANG_WARN_BLOCK_CAPTURE_AUTORELEASING = YES;
				CLANG_WARN_BOOL_CONVERSION = YES;
				CLANG_WARN_COMMA = YES;
				CLANG_WARN_CONSTANT_CONVERSION = YES;
				CLANG_WARN_DEPRECATED_OBJC_IMPLEMENTATIONS = YES;
				CLANG_WARN_DIRECT_OBJC_ISA_USAGE = YES_ERROR;
				CLANG_WARN_DOCUMENTATION_COMMENTS = YES;
				CLANG_WARN_EMPTY_BODY = YES;
				CLANG_WARN_ENUM_CONVERSION = YES;
				CLANG_WARN_INFINITE_RECURSION = YES;
				CLANG_WARN_INT_CONVERSION = YES;
				CLANG_WARN_NON_LITERAL_NULL_CONVERSION = YES;
				CLANG_WARN_OBJC_IMPLICIT_RETAIN_SELF = YES;
				CLANG_WARN_OBJC_LITERAL_CONVERSION = YES;
				CLANG_WARN_OBJC_ROOT_CLASS = YES_ERROR;
				CLANG_WARN_QUOTED_INCLUDE_IN_FRAMEWORK_HEADER = YES;
				CLANG_WARN_RANGE_LOOP_ANALYSIS = YES;
				CLANG_WARN_STRICT_PROTOTYPES = YES;
				CLANG_WARN_SUSPICIOUS_MOVE = YES;
				CLANG_WARN_UNGUARDED_AVAILABILITY = YES_AGGRESSIVE;
				CLANG_WARN_UNREACHABLE_CODE = YES;
				CLANG_WARN__DUPLICATE_METHOD_MATCH = YES;
				COPY_PHASE_STRIP = NO;
				DEBUG_INFORMATION_FORMAT = dwarf;
				ENABLE_STRICT_OBJC_MSGSEND = YES;
				ENABLE_TESTABILITY = YES;
				GCC_C_LANGUAGE_STANDARD = gnu11;
				GCC_DYNAMIC_NO_PIC = NO;
				GCC_NO_COMMON_BLOCKS = YES;
				GCC_OPTIMIZATION_LEVEL = 0;
				GCC_PREPROCESSOR_DEFINITIONS = (
					"DEBUG=1",
					"$(inherited)",
				);
				GCC_WARN_64_TO_32_BIT_CONVERSION = YES;
				GCC_WARN_ABOUT_RETURN_TYPE = YES_ERROR;
				GCC_WARN_UNDECLARED_SELECTOR = YES;
				GCC_WARN_UNINITIALIZED_AUTOS = YES_AGGRESSIVE;
				GCC_WARN_UNUSED_FUNCTION = YES;
				GCC_WARN_UNUSED_VARIABLE = YES;
				IPHONEOS_DEPLOYMENT_TARGET = 14.5;
				MTL_ENABLE_DEBUG_INFO = INCLUDE_SOURCE;
				MTL_FAST_MATH = YES;
				ONLY_ACTIVE_ARCH = YES;
				SDKROOT = iphoneos;
				SWIFT_ACTIVE_COMPILATION_CONDITIONS = DEBUG;
				SWIFT_OPTIMIZATION_LEVEL = "-Onone";
			};
			name = Debug;
		};
		A3CEDFE8267C3107003536DF /* Release */ = {
			isa = XCBuildConfiguration;
			buildSettings = {
				ALWAYS_SEARCH_USER_PATHS = NO;
				CLANG_ANALYZER_NONNULL = YES;
				CLANG_ANALYZER_NUMBER_OBJECT_CONVERSION = YES_AGGRESSIVE;
				CLANG_CXX_LANGUAGE_STANDARD = "gnu++14";
				CLANG_CXX_LIBRARY = "libc++";
				CLANG_ENABLE_MODULES = YES;
				CLANG_ENABLE_OBJC_ARC = YES;
				CLANG_ENABLE_OBJC_WEAK = YES;
				CLANG_WARN_BLOCK_CAPTURE_AUTORELEASING = YES;
				CLANG_WARN_BOOL_CONVERSION = YES;
				CLANG_WARN_COMMA = YES;
				CLANG_WARN_CONSTANT_CONVERSION = YES;
				CLANG_WARN_DEPRECATED_OBJC_IMPLEMENTATIONS = YES;
				CLANG_WARN_DIRECT_OBJC_ISA_USAGE = YES_ERROR;
				CLANG_WARN_DOCUMENTATION_COMMENTS = YES;
				CLANG_WARN_EMPTY_BODY = YES;
				CLANG_WARN_ENUM_CONVERSION = YES;
				CLANG_WARN_INFINITE_RECURSION = YES;
				CLANG_WARN_INT_CONVERSION = YES;
				CLANG_WARN_NON_LITERAL_NULL_CONVERSION = YES;
				CLANG_WARN_OBJC_IMPLICIT_RETAIN_SELF = YES;
				CLANG_WARN_OBJC_LITERAL_CONVERSION = YES;
				CLANG_WARN_OBJC_ROOT_CLASS = YES_ERROR;
				CLANG_WARN_QUOTED_INCLUDE_IN_FRAMEWORK_HEADER = YES;
				CLANG_WARN_RANGE_LOOP_ANALYSIS = YES;
				CLANG_WARN_STRICT_PROTOTYPES = YES;
				CLANG_WARN_SUSPICIOUS_MOVE = YES;
				CLANG_WARN_UNGUARDED_AVAILABILITY = YES_AGGRESSIVE;
				CLANG_WARN_UNREACHABLE_CODE = YES;
				CLANG_WARN__DUPLICATE_METHOD_MATCH = YES;
				COPY_PHASE_STRIP = NO;
				DEBUG_INFORMATION_FORMAT = "dwarf-with-dsym";
				ENABLE_NS_ASSERTIONS = NO;
				ENABLE_STRICT_OBJC_MSGSEND = YES;
				GCC_C_LANGUAGE_STANDARD = gnu11;
				GCC_NO_COMMON_BLOCKS = YES;
				GCC_WARN_64_TO_32_BIT_CONVERSION = YES;
				GCC_WARN_ABOUT_RETURN_TYPE = YES_ERROR;
				GCC_WARN_UNDECLARED_SELECTOR = YES;
				GCC_WARN_UNINITIALIZED_AUTOS = YES_AGGRESSIVE;
				GCC_WARN_UNUSED_FUNCTION = YES;
				GCC_WARN_UNUSED_VARIABLE = YES;
				IPHONEOS_DEPLOYMENT_TARGET = 14.5;
				MTL_ENABLE_DEBUG_INFO = NO;
				MTL_FAST_MATH = YES;
				SDKROOT = iphoneos;
				SWIFT_COMPILATION_MODE = wholemodule;
				SWIFT_OPTIMIZATION_LEVEL = "-O";
				VALIDATE_PRODUCT = YES;
			};
			name = Release;
		};
		A3CEDFEA267C3107003536DF /* Debug */ = {
			isa = XCBuildConfiguration;
			baseConfigurationReference = 44C979B6DC8DB7D648A760F2 /* Pods-NewsApp.debug.xcconfig */;
			buildSettings = {
				ASSETCATALOG_COMPILER_APPICON_NAME = AppIcon;
				ASSETCATALOG_COMPILER_GLOBAL_ACCENT_COLOR_NAME = AccentColor;
				CODE_SIGN_STYLE = Automatic;
				DEVELOPMENT_TEAM = J2K8QX5BJD;
				INFOPLIST_FILE = NewsApp/Info.plist;
				LD_RUNPATH_SEARCH_PATHS = (
					"$(inherited)",
					"@executable_path/Frameworks",
				);
				PRODUCT_BUNDLE_IDENTIFIER = com.mee.NewsApp;
				PRODUCT_NAME = "$(TARGET_NAME)";
				SWIFT_VERSION = 5.0;
				TARGETED_DEVICE_FAMILY = 1;
			};
			name = Debug;
		};
		A3CEDFEB267C3107003536DF /* Release */ = {
			isa = XCBuildConfiguration;
			baseConfigurationReference = E11581BF88D32AB13108C695 /* Pods-NewsApp.release.xcconfig */;
			buildSettings = {
				ASSETCATALOG_COMPILER_APPICON_NAME = AppIcon;
				ASSETCATALOG_COMPILER_GLOBAL_ACCENT_COLOR_NAME = AccentColor;
				CODE_SIGN_STYLE = Automatic;
				DEVELOPMENT_TEAM = J2K8QX5BJD;
				INFOPLIST_FILE = NewsApp/Info.plist;
				LD_RUNPATH_SEARCH_PATHS = (
					"$(inherited)",
					"@executable_path/Frameworks",
				);
				PRODUCT_BUNDLE_IDENTIFIER = com.mee.NewsApp;
				PRODUCT_NAME = "$(TARGET_NAME)";
				SWIFT_VERSION = 5.0;
				TARGETED_DEVICE_FAMILY = 1;
			};
			name = Release;
		};
/* End XCBuildConfiguration section */

/* Begin XCConfigurationList section */
		A3CEDFD0267C3104003536DF /* Build configuration list for PBXProject "NewsApp" */ = {
			isa = XCConfigurationList;
			buildConfigurations = (
				A3CEDFE7267C3107003536DF /* Debug */,
				A3CEDFE8267C3107003536DF /* Release */,
			);
			defaultConfigurationIsVisible = 0;
			defaultConfigurationName = Release;
		};
		A3CEDFE9267C3107003536DF /* Build configuration list for PBXNativeTarget "NewsApp" */ = {
			isa = XCConfigurationList;
			buildConfigurations = (
				A3CEDFEA267C3107003536DF /* Debug */,
				A3CEDFEB267C3107003536DF /* Release */,
			);
			defaultConfigurationIsVisible = 0;
			defaultConfigurationName = Release;
		};
/* End XCConfigurationList section */
	};
	rootObject = A3CEDFCD267C3104003536DF /* Project object */;
}
